
Microsoft Visual Studio Solution File, Format Version 12.00
# Visual Studio Version 17
VisualStudioVersion = 17.6.33801.468
MinimumVisualStudioVersion = 10.0.40219.1
Project("{8BC9CEB8-8B4A-11D0-8D11-00A0C91BC942}") = "Tools", "Tools\Tools.vcxproj", "{85B4FECA-93B3-4669-A7AC-D51BBA45A699}"
EndProject
Project("{8BC9CEB8-8B4A-11D0-8D11-00A0C91BC942}") = "Desktop_Tag", "Desktop_Tag\Desktop_Tag.vcxproj", "{713204A7-09D4-4718-8643-14A636BF6E11}"
EndProject
Project("{8BC9CEB8-8B4A-11D0-8D11-00A0C91BC942}") = "NoteBookKeyBoard_State_Windows", "NoteBookKeyBoard_State_Windows\NoteBookKeyBoard_State_Windows.vcxproj", "{02E2C7B2-2EA2-427F-A756-CD7F3300E72F}"
EndProject
Global
	GlobalSection(SolutionConfigurationPlatforms) = preSolution
		Debug|x64 = Debug|x64
		Debug|x86 = Debug|x86
		Release|x64 = Release|x64
		Release|x86 = Release|x86
	EndGlobalSection
	GlobalSection(ProjectConfigurationPlatforms) = postSolution
		{85B4FECA-93B3-4669-A7AC-D51BBA45A699}.Debug|x64.ActiveCfg = Debug|x64
		{85B4FECA-93B3-4669-A7AC-D51BBA45A699}.Debug|x64.Build.0 = Debug|x64
		{85B4FECA-93B3-4669-A7AC-D51BBA45A699}.Debug|x86.ActiveCfg = Debug|Win32
		{85B4FECA-93B3-4669-A7AC-D51BBA45A699}.Debug|x86.Build.0 = Debug|Win32
		{85B4FECA-93B3-4669-A7AC-D51BBA45A699}.Release|x64.ActiveCfg = Release|x64
		{85B4FECA-93B3-4669-A7AC-D51BBA45A699}.Release|x64.Build.0 = Release|x64
		{85B4FECA-93B3-4669-A7AC-D51BBA45A699}.Release|x86.ActiveCfg = Release|Win32
		{85B4FECA-93B3-4669-A7AC-D51BBA45A699}.Release|x86.Build.0 = Release|Win32
		{713204A7-09D4-4718-8643-14A636BF6E11}.Debug|x64.ActiveCfg = Debug|x64
		{713204A7-09D4-4718-8643-14A636BF6E11}.Debug|x64.Build.0 = Debug|x64
		{713204A7-09D4-4718-8643-14A636BF6E11}.Debug|x86.ActiveCfg = Debug|Win32
		{713204A7-09D4-4718-8643-14A636BF6E11}.Debug|x86.Build.0 = Debug|Win32
		{713204A7-09D4-4718-8643-14A636BF6E11}.Release|x64.ActiveCfg = Release|x64
		{713204A7-09D4-4718-8643-14A636BF6E11}.Release|x64.Build.0 = Release|x64
		{713204A7-09D4-4718-8643-14A636BF6E11}.Release|x86.ActiveCfg = Release|Win32
		{713204A7-09D4-4718-8643-14A636BF6E11}.Release|x86.Build.0 = Release|Win32
		{02E2C7B2-2EA2-427F-A756-CD7F3300E72F}.Debug|x64.ActiveCfg = Debug|x64
		{02E2C7B2-2EA2-427F-A756-CD7F3300E72F}.Debug|x64.Build.0 = Debug|x64
		{02E2C7B2-2EA2-427F-A756-CD7F3300E72F}.Debug|x86.ActiveCfg = Debug|Win32
		{02E2C7B2-2EA2-427F-A756-CD7F3300E72F}.Debug|x86.Build.0 = Debug|Win32
		{02E2C7B2-2EA2-427F-A756-CD7F3300E72F}.Release|x64.ActiveCfg = Release|x64
		{02E2C7B2-2EA2-427F-A756-CD7F3300E72F}.Release|x64.Build.0 = Release|x64
		{02E2C7B2-2EA2-427F-A756-CD7F3300E72F}.Release|x86.ActiveCfg = Release|Win32
		{02E2C7B2-2EA2-427F-A756-CD7F3300E72F}.Release|x86.Build.0 = Release|Win32
	EndGlobalSection
	GlobalSection(SolutionProperties) = preSolution
		HideSolutionNode = FALSE
	EndGlobalSection
	GlobalSection(ExtensibilityGlobals) = postSolution
		SolutionGuid = {67AF4E6C-8A7D-47B8-AB1C-061931CFB2D0}
	EndGlobalSection
EndGlobal
